<?xml version="1.0" encoding="UTF-8" standalone="yes" ?>
<CodeBlocks_project_file>
	<FileVersion major="1" minor="6" />
	<Project>
		<Option title="cpp-learn3d" />
		<Option pch_mode="2" />
		<Option compiler="gcc" />
		<Build>
			<Target title="Debug">
				<Option platforms="Unix;" />
				<Option output="bin/Debug/cpp-learn3d" prefix_auto="1" extension_auto="1" />
				<Option object_output="obj/Debug/" />
				<Option type="1" />
				<Option compiler="gcc" />
				<Option use_console_runner="0" />
				<Compiler>
					<Add option="-g" />
				</Compiler>
			</Target>
			<Target title="Release">
				<Option output="bin/Release/cpp-learn3d" prefix_auto="1" extension_auto="1" />
				<Option object_output="obj/Release/" />
				<Option type="0" />
				<Option compiler="gcc" />
				<Compiler>
					<Add option="-O2" />
				</Compiler>
				<Linker>
					<Add option="-s" />
				</Linker>
			</Target>
		</Build>
		<Compiler>
			<Add option="-Weffc++" />
			<Add option="-std=c++11" />
			<Add option="-Wextra" />
			<Add option="-Wall" />
			<Add option="-m64" />
			<Add option="`sdl2-config --cflags`" />
		</Compiler>
		<Linker>
			<Add option="-m64" />
			<Add option="`sdl2-config --libs`" />
		</Linker>
		<Unit filename="Bitmap.hpp" />
		<Unit filename="Camera.cpp" />
		<Unit filename="Camera.hpp" />
		<Unit filename="CanvasDef.cpp" />
		<Unit filename="CanvasDef.hpp" />
		<Unit filename="Mat.cpp" />
		<Unit filename="Mat.hpp" />
		<Unit filename="Mesh.cpp" />
		<Unit filename="Mesh.hpp" />
		<Unit filename="PredicateQuicksort.hpp" />
		<Unit filename="Quat.hpp" />
		<Unit filename="Render.cpp" />
		<Unit filename="Render.hpp" />
		<Unit filename="Triangle.cpp" />
		<Unit filename="Triangle.hpp" />
		<Unit filename="UI.cpp" />
		<Unit filename="UI.hpp" />
		<Unit filename="Vec.hpp" />
		<Unit filename="canvas8.cpp" />
		<Unit filename="canvas8.hpp" />
		<Unit filename="cb.bmp" />
		<Unit filename="main.cpp" />
		<Extensions>
			<envvars />
			<code_completion />
			<debugger />
		</Extensions>
	</Project>
</CodeBlocks_project_file>
